
Microsoft Visual Studio Solution File, Format Version 12.00
# Visual Studio Version 16
VisualStudioVersion = 16.0.30320.27
MinimumVisualStudioVersion = 10.0.40219.1
Project("{FAE04EC0-301F-11D3-BF4B-00C04F79EFBC}") = "Backend-2020.2.1", "Backend-2020.2.1\Backend-2020.2.1.csproj", "{44C47066-30FD-48C1-B7D6-2C25727104BA}"
EndProject
Global
	GlobalSection(SolutionConfigurationPlatforms) = preSolution
		Debug|Any CPU = Debug|Any CPU
		Release|Any CPU = Release|Any CPU
	EndGlobalSection
	GlobalSection(ProjectConfigurationPlatforms) = postSolution
		{44C47066-30FD-48C1-B7D6-2C25727104BA}.Debug|Any CPU.ActiveCfg = Debug|Any CPU
		{44C47066-30FD-48C1-B7D6-2C25727104BA}.Debug|Any CPU.Build.0 = Debug|Any CPU
		{44C47066-30FD-48C1-B7D6-2C25727104BA}.Release|Any CPU.ActiveCfg = Release|Any CPU
		{44C47066-30FD-48C1-B7D6-2C25727104BA}.Release|Any CPU.Build.0 = Release|Any CPU
	EndGlobalSection
	GlobalSection(SolutionProperties) = preSolution
		HideSolutionNode = FALSE
	EndGlobalSection
	GlobalSection(ExtensibilityGlobals) = postSolution
		SolutionGuid = {71C374D0-5E3A-461A-844D-CEBB5AF8ED7A}
	EndGlobalSection
EndGlobal
